
Microsoft Visual Studio Solution File, Format Version 12.00
# Visual Studio Version 17
VisualStudioVersion = 17.8.34330.188
MinimumVisualStudioVersion = 10.0.40219.1
Project("{9A19103F-16F7-4668-BE54-9A1E7A4F7556}") = "MassTransitDemo.Api", "MassTransitDemo.Api\MassTransitDemo.Api.csproj", "{5A305BCD-78DF-4FED-AC39-E0054907565D}"
EndProject
Project("{FAE04EC0-301F-11D3-BF4B-00C04F79EFBC}") = "MassTransitDemo.SecondApi", "MassTransitDemo.SecondApi\MassTransitDemo.SecondApi.csproj", "{A53357F3-DF75-4283-A0BA-DDD874600901}"
EndProject
Project("{FAE04EC0-301F-11D3-BF4B-00C04F79EFBC}") = "MassTransitDemo.Contracts", "MassTransitDemo.Contracts\MassTransitDemo.Contracts.csproj", "{4A5D5606-9632-4F3C-92DF-28AC2C58BCC1}"
EndProject
Global
	GlobalSection(SolutionConfigurationPlatforms) = preSolution
		Debug|Any CPU = Debug|Any CPU
		Release|Any CPU = Release|Any CPU
	EndGlobalSection
	GlobalSection(ProjectConfigurationPlatforms) = postSolution
		{5A305BCD-78DF-4FED-AC39-E0054907565D}.Debug|Any CPU.ActiveCfg = Debug|Any CPU
		{5A305BCD-78DF-4FED-AC39-E0054907565D}.Debug|Any CPU.Build.0 = Debug|Any CPU
		{5A305BCD-78DF-4FED-AC39-E0054907565D}.Release|Any CPU.ActiveCfg = Release|Any CPU
		{5A305BCD-78DF-4FED-AC39-E0054907565D}.Release|Any CPU.Build.0 = Release|Any CPU
		{A53357F3-DF75-4283-A0BA-DDD874600901}.Debug|Any CPU.ActiveCfg = Debug|Any CPU
		{A53357F3-DF75-4283-A0BA-DDD874600901}.Debug|Any CPU.Build.0 = Debug|Any CPU
		{A53357F3-DF75-4283-A0BA-DDD874600901}.Release|Any CPU.ActiveCfg = Release|Any CPU
		{A53357F3-DF75-4283-A0BA-DDD874600901}.Release|Any CPU.Build.0 = Release|Any CPU
		{4A5D5606-9632-4F3C-92DF-28AC2C58BCC1}.Debug|Any CPU.ActiveCfg = Debug|Any CPU
		{4A5D5606-9632-4F3C-92DF-28AC2C58BCC1}.Debug|Any CPU.Build.0 = Debug|Any CPU
		{4A5D5606-9632-4F3C-92DF-28AC2C58BCC1}.Release|Any CPU.ActiveCfg = Release|Any CPU
		{4A5D5606-9632-4F3C-92DF-28AC2C58BCC1}.Release|Any CPU.Build.0 = Release|Any CPU
	EndGlobalSection
	GlobalSection(SolutionProperties) = preSolution
		HideSolutionNode = FALSE
	EndGlobalSection
	GlobalSection(ExtensibilityGlobals) = postSolution
		SolutionGuid = {9CECA966-4C14-4E35-B301-C891FFCB8042}
	EndGlobalSection
EndGlobal
